
Microsoft Visual Studio Solution File, Format Version 12.00
# Visual Studio 2012
Project("{FAE04EC0-301F-11D3-BF4B-00C04F79EFBC}") = "AppSwitch", "AppSwitch\AppSwitch.csproj", "{F8AC5922-2C9E-4A46-975B-4E247A865D1D}"
EndProject
Global
	GlobalSection(SolutionConfigurationPlatforms) = preSolution
		Debug|Any CPU = Debug|Any CPU
		Release|Any CPU = Release|Any CPU
	EndGlobalSection
	GlobalSection(ProjectConfigurationPlatforms) = postSolution
		{F8AC5922-2C9E-4A46-975B-4E247A865D1D}.Debug|Any CPU.ActiveCfg = Debug|Any CPU
		{F8AC5922-2C9E-4A46-975B-4E247A865D1D}.Debug|Any CPU.Build.0 = Debug|Any CPU
		{F8AC5922-2C9E-4A46-975B-4E247A865D1D}.Release|Any CPU.ActiveCfg = Release|Any CPU
		{F8AC5922-2C9E-4A46-975B-4E247A865D1D}.Release|Any CPU.Build.0 = Release|Any CPU
	EndGlobalSection
	GlobalSection(SolutionProperties) = preSolution
		HideSolutionNode = FALSE
	EndGlobalSection
EndGlobal
